
Microsoft Visual Studio Solution File, Format Version 12.00
# Visual Studio Version 17
VisualStudioVersion = 17.8.34330.188
MinimumVisualStudioVersion = 10.0.40219.1
Project("{FAE04EC0-301F-11D3-BF4B-00C04F79EFBC}") = "LolTimer2", "LolTimer2\LolTimer2.csproj", "{4DB327D8-42FF-410C-9D59-04E231306239}"
EndProject
Global
	GlobalSection(SolutionConfigurationPlatforms) = preSolution
		Debug|Any CPU = Debug|Any CPU
		Release|Any CPU = Release|Any CPU
	EndGlobalSection
	GlobalSection(ProjectConfigurationPlatforms) = postSolution
		{4DB327D8-42FF-410C-9D59-04E231306239}.Debug|Any CPU.ActiveCfg = Debug|Any CPU
		{4DB327D8-42FF-410C-9D59-04E231306239}.Debug|Any CPU.Build.0 = Debug|Any CPU
		{4DB327D8-42FF-410C-9D59-04E231306239}.Release|Any CPU.ActiveCfg = Release|Any CPU
		{4DB327D8-42FF-410C-9D59-04E231306239}.Release|Any CPU.Build.0 = Release|Any CPU
	EndGlobalSection
	GlobalSection(SolutionProperties) = preSolution
		HideSolutionNode = FALSE
	EndGlobalSection
	GlobalSection(ExtensibilityGlobals) = postSolution
		SolutionGuid = {8EA67222-F223-42C5-9FA1-AC92BA0750BE}
	EndGlobalSection
EndGlobal
